{
    "version": 3,
    "terraform_version": "0.11.8",
    "serial": 2,
    "lineage": "f2fe180b-da38-23eb-dfc4-28a975fa4317",
    "modules": [
        {
            "path": [
                "root"
            ],
            "outputs": {},
            "resources": {
                "aws_instance.example": {
                    "type": "aws_instance",
                    "depends_on": [],
                    "primary": {
                        "id": "i-0a396ad9ba248cf61",
                        "attributes": {
                            "ami": "ami-18726478",
                            "arn": "arn:aws:ec2:us-west-1:470213786630:instance/i-0a396ad9ba248cf61",
                            "associate_public_ip_address": "true",
                            "availability_zone": "us-west-1c",
                            "cpu_core_count": "1",
                            "cpu_threads_per_core": "1",
                            "credit_specification.#": "1",
                            "credit_specification.0.cpu_credits": "standard",
                            "disable_api_termination": "false",
                            "ebs_block_device.#": "0",
                            "ebs_optimized": "false",
                            "ephemeral_block_device.#": "0",
                            "get_password_data": "false",
                            "iam_instance_profile": "",
                            "id": "i-0a396ad9ba248cf61",
                            "instance_state": "running",
                            "instance_type": "t2.micro",
                            "ipv6_addresses.#": "0",
                            "key_name": "nar1",
                            "monitoring": "false",
                            "network_interface.#": "0",
                            "network_interface_id": "eni-0d46470e1885ba2bf",
                            "password_data": "",
                            "placement_group": "",
                            "primary_network_interface_id": "eni-0d46470e1885ba2bf",
                            "private_dns": "ip-172-31-4-90.us-west-1.compute.internal",
                            "private_ip": "172.31.4.90",
                            "public_dns": "ec2-54-215-128-142.us-west-1.compute.amazonaws.com",
                            "public_ip": "54.215.128.142",
                            "root_block_device.#": "1",
                            "root_block_device.0.delete_on_termination": "true",
                            "root_block_device.0.iops": "100",
                            "root_block_device.0.volume_id": "vol-0d31bb06761f219f7",
                            "root_block_device.0.volume_size": "10",
                            "root_block_device.0.volume_type": "gp2",
                            "security_groups.#": "1",
                            "security_groups.3814588639": "default",
                            "source_dest_check": "true",
                            "subnet_id": "subnet-9e2624c6",
                            "tags.%": "1",
                            "tags.Name": "terra_inst",
                            "tenancy": "default",
                            "volume_tags.%": "0",
                            "vpc_security_group_ids.#": "1",
                            "vpc_security_group_ids.1244327188": "sg-b731b3d1"
                        },
                        "meta": {
                            "e2bfb730-ecaa-11e6-8f88-34363bc7c4c0": {
                                "create": 600000000000,
                                "delete": 1200000000000,
                                "update": 600000000000
                            },
                            "schema_version": "1"
                        },
                        "tainted": false
                    },
                    "deposed": [],
                    "provider": "provider.aws"
                }
            },
            "depends_on": []
        }
    ]
}
